
Microsoft Visual Studio Solution File, Format Version 12.00
# Visual Studio Version 16
VisualStudioVersion = 16.0.35931.194
MinimumVisualStudioVersion = 10.0.40219.1
Project("{8BC9CEB8-8B4A-11D0-8D11-00A0C91BC942}") = "Tree", "Tree\Tree.vcxproj", "{434D3A90-BC5B-4EC8-BCD4-6DB7A6F0492C}"
EndProject
Global
	GlobalSection(SolutionConfigurationPlatforms) = preSolution
		Debug|x64 = Debug|x64
		Debug|x86 = Debug|x86
		Release|x64 = Release|x64
		Release|x86 = Release|x86
	EndGlobalSection
	GlobalSection(ProjectConfigurationPlatforms) = postSolution
		{434D3A90-BC5B-4EC8-BCD4-6DB7A6F0492C}.Debug|x64.ActiveCfg = Debug|x64
		{434D3A90-BC5B-4EC8-BCD4-6DB7A6F0492C}.Debug|x64.Build.0 = Debug|x64
		{434D3A90-BC5B-4EC8-BCD4-6DB7A6F0492C}.Debug|x86.ActiveCfg = Debug|Win32
		{434D3A90-BC5B-4EC8-BCD4-6DB7A6F0492C}.Debug|x86.Build.0 = Debug|Win32
		{434D3A90-BC5B-4EC8-BCD4-6DB7A6F0492C}.Release|x64.ActiveCfg = Release|x64
		{434D3A90-BC5B-4EC8-BCD4-6DB7A6F0492C}.Release|x64.Build.0 = Release|x64
		{434D3A90-BC5B-4EC8-BCD4-6DB7A6F0492C}.Release|x86.ActiveCfg = Release|Win32
		{434D3A90-BC5B-4EC8-BCD4-6DB7A6F0492C}.Release|x86.Build.0 = Release|Win32
	EndGlobalSection
	GlobalSection(SolutionProperties) = preSolution
		HideSolutionNode = FALSE
	EndGlobalSection
	GlobalSection(ExtensibilityGlobals) = postSolution
		SolutionGuid = {356D4F3F-EAE8-4033-9BCB-0A90127BFDDF}
	EndGlobalSection
EndGlobal
